
Microsoft Visual Studio Solution File, Format Version 12.00
# Visual Studio 15
VisualStudioVersion = 15.0.27703.2026
MinimumVisualStudioVersion = 10.0.40219.1
Project("{FAE04EC0-301F-11D3-BF4B-00C04F79EFBC}") = "PracticaObjetos", "PracticaObjetos\PracticaObjetos.csproj", "{382E9733-A839-4A0C-BB0E-423292C69554}"
EndProject
Global
	GlobalSection(SolutionConfigurationPlatforms) = preSolution
		Debug|Any CPU = Debug|Any CPU
		Release|Any CPU = Release|Any CPU
	EndGlobalSection
	GlobalSection(ProjectConfigurationPlatforms) = postSolution
		{382E9733-A839-4A0C-BB0E-423292C69554}.Debug|Any CPU.ActiveCfg = Debug|Any CPU
		{382E9733-A839-4A0C-BB0E-423292C69554}.Debug|Any CPU.Build.0 = Debug|Any CPU
		{382E9733-A839-4A0C-BB0E-423292C69554}.Release|Any CPU.ActiveCfg = Release|Any CPU
		{382E9733-A839-4A0C-BB0E-423292C69554}.Release|Any CPU.Build.0 = Release|Any CPU
	EndGlobalSection
	GlobalSection(SolutionProperties) = preSolution
		HideSolutionNode = FALSE
	EndGlobalSection
	GlobalSection(ExtensibilityGlobals) = postSolution
		SolutionGuid = {BC8EA034-8508-42B4-ABB0-BE1891B1B9FE}
	EndGlobalSection
EndGlobal
